
Microsoft Visual Studio Solution File, Format Version 12.00
# Visual Studio 15
Project("{FAE04EC0-301F-11D3-BF4B-00C04F79EFBC}") = "Evento.Api", "Evento.Api.csproj", "{90BEF15D-3044-491A-A86A-AC83306BA9C0}"
EndProject
Global
	GlobalSection(SolutionConfigurationPlatforms) = preSolution
		Debug|Any CPU = Debug|Any CPU
		Release|Any CPU = Release|Any CPU
	EndGlobalSection
	GlobalSection(ProjectConfigurationPlatforms) = postSolution
		{90BEF15D-3044-491A-A86A-AC83306BA9C0}.Debug|Any CPU.ActiveCfg = Debug|Any CPU
		{90BEF15D-3044-491A-A86A-AC83306BA9C0}.Debug|Any CPU.Build.0 = Debug|Any CPU
		{90BEF15D-3044-491A-A86A-AC83306BA9C0}.Release|Any CPU.ActiveCfg = Release|Any CPU
		{90BEF15D-3044-491A-A86A-AC83306BA9C0}.Release|Any CPU.Build.0 = Release|Any CPU
	EndGlobalSection
EndGlobal
